// !$*UTF8*$!
{
	archiveVersion = 1;
	classes = {
	};
	objectVersion = 46;
	objects = {

/* Begin PBXBuildFile section */
		A12E48EE1591953B0014624E /* logo-text.png in Resources */ = {isa = PBXBuildFile; fileRef = A12E48ED1591953B0014624E /* logo-text.png */; };
		A12E48F1159195480014624E /* bee.png in Resources */ = {isa = PBXBuildFile; fileRef = A12E48F0159195480014624E /* bee.png */; };
		A12E48F4159197400014624E /* GoalViewController.m in Sources */ = {isa = PBXBuildFile; fileRef = A12E48F3159197400014624E /* GoalViewController.m */; };
		A133F97F158FA32D002F151A /* GoalsTableViewController.m in Sources */ = {isa = PBXBuildFile; fileRef = A133F97E158FA32D002F151A /* GoalsTableViewController.m */; };
		A133F9F1158FB27F002F151A /* NSObject+SBJson.m in Sources */ = {isa = PBXBuildFile; fileRef = A133F9D9158FB27F002F151A /* NSObject+SBJson.m */; };
		A133F9F2158FB27F002F151A /* SBJsonParser.m in Sources */ = {isa = PBXBuildFile; fileRef = A133F9DC158FB27F002F151A /* SBJsonParser.m */; };
		A133F9F3158FB27F002F151A /* SBJsonStreamParser.m in Sources */ = {isa = PBXBuildFile; fileRef = A133F9DE158FB27F002F151A /* SBJsonStreamParser.m */; };
		A133F9F4158FB27F002F151A /* SBJsonStreamParserAccumulator.m in Sources */ = {isa = PBXBuildFile; fileRef = A133F9E0158FB27F002F151A /* SBJsonStreamParserAccumulator.m */; };
		A133F9F5158FB27F002F151A /* SBJsonStreamParserAdapter.m in Sources */ = {isa = PBXBuildFile; fileRef = A133F9E2158FB27F002F151A /* SBJsonStreamParserAdapter.m */; };
		A133F9F6158FB27F002F151A /* SBJsonStreamParserState.m in Sources */ = {isa = PBXBuildFile; fileRef = A133F9E4158FB27F002F151A /* SBJsonStreamParserState.m */; };
		A133F9F7158FB27F002F151A /* SBJsonStreamWriter.m in Sources */ = {isa = PBXBuildFile; fileRef = A133F9E6158FB27F002F151A /* SBJsonStreamWriter.m */; };
		A133F9F8158FB27F002F151A /* SBJsonStreamWriterAccumulator.m in Sources */ = {isa = PBXBuildFile; fileRef = A133F9E8158FB27F002F151A /* SBJsonStreamWriterAccumulator.m */; };
		A133F9F9158FB27F002F151A /* SBJsonStreamWriterState.m in Sources */ = {isa = PBXBuildFile; fileRef = A133F9EA158FB27F002F151A /* SBJsonStreamWriterState.m */; };
		A133F9FA158FB27F002F151A /* SBJsonTokeniser.m in Sources */ = {isa = PBXBuildFile; fileRef = A133F9EC158FB27F002F151A /* SBJsonTokeniser.m */; };
		A133F9FB158FB27F002F151A /* SBJsonUTF8Stream.m in Sources */ = {isa = PBXBuildFile; fileRef = A133F9EE158FB27F002F151A /* SBJsonUTF8Stream.m */; };
		A133F9FC158FB27F002F151A /* SBJsonWriter.m in Sources */ = {isa = PBXBuildFile; fileRef = A133F9F0158FB27F002F151A /* SBJsonWriter.m */; };
		A14B6A741595500500155D0D /* ChooseGoalNameViewController.m in Sources */ = {isa = PBXBuildFile; fileRef = A14B6A731595500500155D0D /* ChooseGoalNameViewController.m */; };
		A1993CBD158FFE0A00011568 /* Icon.png in Resources */ = {isa = PBXBuildFile; fileRef = A1993CBC158FFE0A00011568 /* Icon.png */; };
		A1993CBF158FFEDC00011568 /* Icon-Retina.png in Resources */ = {isa = PBXBuildFile; fileRef = A1993CBE158FFEDC00011568 /* Icon-Retina.png */; };
		A1993CC2159007B700011568 /* SettingsViewController.m in Sources */ = {isa = PBXBuildFile; fileRef = A1993CC1159007B700011568 /* SettingsViewController.m */; };
		A19D7BE21596DC3B0031ABED /* CoreData.framework in Frameworks */ = {isa = PBXBuildFile; fileRef = A19D7BE11596DC3B0031ABED /* CoreData.framework */; };
		A19D7BE51596DC840031ABED /* Beeminder.xcdatamodeld in Sources */ = {isa = PBXBuildFile; fileRef = A19D7BE31596DC840031ABED /* Beeminder.xcdatamodeld */; };
		A1B5F8B1159280F6004D9FF0 /* RoadDialViewController.m in Sources */ = {isa = PBXBuildFile; fileRef = A1B5F8B0159280F6004D9FF0 /* RoadDialViewController.m */; };
		A1B5F8B81592843F004D9FF0 /* ChooseGoalTypeTableViewController.m in Sources */ = {isa = PBXBuildFile; fileRef = A1B5F8B71592843F004D9FF0 /* ChooseGoalTypeTableViewController.m */; };
		A1CA215815935A4700AE16FB /* libCorePlot-CocoaTouch.a in Frameworks */ = {isa = PBXBuildFile; fileRef = A1CA215415935A0B00AE16FB /* libCorePlot-CocoaTouch.a */; };
		A1CA215A15935AE200AE16FB /* QuartzCore.framework in Frameworks */ = {isa = PBXBuildFile; fileRef = A1CA215915935AE200AE16FB /* QuartzCore.framework */; };
		A1F03D51158E9A850075D5DA /* UIKit.framework in Frameworks */ = {isa = PBXBuildFile; fileRef = A1F03D50158E9A850075D5DA /* UIKit.framework */; };
		A1F03D53158E9A850075D5DA /* Foundation.framework in Frameworks */ = {isa = PBXBuildFile; fileRef = A1F03D52158E9A850075D5DA /* Foundation.framework */; };
		A1F03D55158E9A850075D5DA /* CoreGraphics.framework in Frameworks */ = {isa = PBXBuildFile; fileRef = A1F03D54158E9A850075D5DA /* CoreGraphics.framework */; };
		A1F03D5B158E9A850075D5DA /* InfoPlist.strings in Resources */ = {isa = PBXBuildFile; fileRef = A1F03D59158E9A850075D5DA /* InfoPlist.strings */; };
		A1F03D5D158E9A850075D5DA /* main.m in Sources */ = {isa = PBXBuildFile; fileRef = A1F03D5C158E9A850075D5DA /* main.m */; };
		A1F03D61158E9A850075D5DA /* BeeminderAppDelegate.m in Sources */ = {isa = PBXBuildFile; fileRef = A1F03D60158E9A850075D5DA /* BeeminderAppDelegate.m */; };
		A1F03D64158E9A850075D5DA /* MainStoryboard_iPhone.storyboard in Resources */ = {isa = PBXBuildFile; fileRef = A1F03D62158E9A850075D5DA /* MainStoryboard_iPhone.storyboard */; };
		A1F03D67158E9A850075D5DA /* MainStoryboard_iPad.storyboard in Resources */ = {isa = PBXBuildFile; fileRef = A1F03D65158E9A850075D5DA /* MainStoryboard_iPad.storyboard */; };
		A1F03D6A158E9A850075D5DA /* BeeminderViewController.m in Sources */ = {isa = PBXBuildFile; fileRef = A1F03D69158E9A850075D5DA /* BeeminderViewController.m */; };
		A1F03D72158E9BE60075D5DA /* SplashViewController.m in Sources */ = {isa = PBXBuildFile; fileRef = A1F03D71158E9BE60075D5DA /* SplashViewController.m */; };
		A1F03D78158EA2690075D5DA /* SignInViewController.m in Sources */ = {isa = PBXBuildFile; fileRef = A1F03D77158EA2690075D5DA /* SignInViewController.m */; };
/* End PBXBuildFile section */

/* Begin PBXContainerItemProxy section */
		A1CA215315935A0B00AE16FB /* PBXContainerItemProxy */ = {
			isa = PBXContainerItemProxy;
			containerPortal = A1CA214A15935A0B00AE16FB /* CorePlot-CocoaTouch.xcodeproj */;
			proxyType = 2;
			remoteGlobalIDString = BC9B83470FB8A0A40035D8DA;
			remoteInfo = "CorePlot-CocoaTouch";
		};
		A1CA215615935A2900AE16FB /* PBXContainerItemProxy */ = {
			isa = PBXContainerItemProxy;
			containerPortal = A1CA214A15935A0B00AE16FB /* CorePlot-CocoaTouch.xcodeproj */;
			proxyType = 1;
			remoteGlobalIDString = BC9B83460FB8A0A40035D8DA;
			remoteInfo = "CorePlot-CocoaTouch";
		};
/* End PBXContainerItemProxy section */

/* Begin PBXFileReference section */
		A126C9301592EE1700FE8CF8 /* constants.h */ = {isa = PBXFileReference; fileEncoding = 4; lastKnownFileType = sourcecode.c.h; path = constants.h; sourceTree = "<group>"; };
		A12E48ED1591953B0014624E /* logo-text.png */ = {isa = PBXFileReference; lastKnownFileType = image.png; path = "logo-text.png"; sourceTree = "<group>"; };
		A12E48F0159195480014624E /* bee.png */ = {isa = PBXFileReference; lastKnownFileType = image.png; path = bee.png; sourceTree = "<group>"; };
		A12E48F2159197400014624E /* GoalViewController.h */ = {isa = PBXFileReference; fileEncoding = 4; lastKnownFileType = sourcecode.c.h; path = GoalViewController.h; sourceTree = "<group>"; };
		A12E48F3159197400014624E /* GoalViewController.m */ = {isa = PBXFileReference; fileEncoding = 4; lastKnownFileType = sourcecode.c.objc; path = GoalViewController.m; sourceTree = "<group>"; };
		A133F97D158FA32D002F151A /* GoalsTableViewController.h */ = {isa = PBXFileReference; fileEncoding = 4; lastKnownFileType = sourcecode.c.h; path = GoalsTableViewController.h; sourceTree = "<group>"; };
		A133F97E158FA32D002F151A /* GoalsTableViewController.m */ = {isa = PBXFileReference; fileEncoding = 4; lastKnownFileType = sourcecode.c.objc; path = GoalsTableViewController.m; sourceTree = "<group>"; };
		A133F9D8158FB27F002F151A /* NSObject+SBJson.h */ = {isa = PBXFileReference; fileEncoding = 4; lastKnownFileType = sourcecode.c.h; path = "NSObject+SBJson.h"; sourceTree = "<group>"; };
		A133F9D9158FB27F002F151A /* NSObject+SBJson.m */ = {isa = PBXFileReference; fileEncoding = 4; lastKnownFileType = sourcecode.c.objc; path = "NSObject+SBJson.m"; sourceTree = "<group>"; };
		A133F9DA158FB27F002F151A /* SBJson.h */ = {isa = PBXFileReference; fileEncoding = 4; lastKnownFileType = sourcecode.c.h; path = SBJson.h; sourceTree = "<group>"; };
		A133F9DB158FB27F002F151A /* SBJsonParser.h */ = {isa = PBXFileReference; fileEncoding = 4; lastKnownFileType = sourcecode.c.h; path = SBJsonParser.h; sourceTree = "<group>"; };
		A133F9DC158FB27F002F151A /* SBJsonParser.m */ = {isa = PBXFileReference; fileEncoding = 4; lastKnownFileType = sourcecode.c.objc; path = SBJsonParser.m; sourceTree = "<group>"; };
		A133F9DD158FB27F002F151A /* SBJsonStreamParser.h */ = {isa = PBXFileReference; fileEncoding = 4; lastKnownFileType = sourcecode.c.h; path = SBJsonStreamParser.h; sourceTree = "<group>"; };
		A133F9DE158FB27F002F151A /* SBJsonStreamParser.m */ = {isa = PBXFileReference; fileEncoding = 4; lastKnownFileType = sourcecode.c.objc; path = SBJsonStreamParser.m; sourceTree = "<group>"; };
		A133F9DF158FB27F002F151A /* SBJsonStreamParserAccumulator.h */ = {isa = PBXFileReference; fileEncoding = 4; lastKnownFileType = sourcecode.c.h; path = SBJsonStreamParserAccumulator.h; sourceTree = "<group>"; };
		A133F9E0158FB27F002F151A /* SBJsonStreamParserAccumulator.m */ = {isa = PBXFileReference; fileEncoding = 4; lastKnownFileType = sourcecode.c.objc; path = SBJsonStreamParserAccumulator.m; sourceTree = "<group>"; };
		A133F9E1158FB27F002F151A /* SBJsonStreamParserAdapter.h */ = {isa = PBXFileReference; fileEncoding = 4; lastKnownFileType = sourcecode.c.h; path = SBJsonStreamParserAdapter.h; sourceTree = "<group>"; };
		A133F9E2158FB27F002F151A /* SBJsonStreamParserAdapter.m */ = {isa = PBXFileReference; fileEncoding = 4; lastKnownFileType = sourcecode.c.objc; path = SBJsonStreamParserAdapter.m; sourceTree = "<group>"; };
		A133F9E3158FB27F002F151A /* SBJsonStreamParserState.h */ = {isa = PBXFileReference; fileEncoding = 4; lastKnownFileType = sourcecode.c.h; path = SBJsonStreamParserState.h; sourceTree = "<group>"; };
		A133F9E4158FB27F002F151A /* SBJsonStreamParserState.m */ = {isa = PBXFileReference; fileEncoding = 4; lastKnownFileType = sourcecode.c.objc; path = SBJsonStreamParserState.m; sourceTree = "<group>"; };
		A133F9E5158FB27F002F151A /* SBJsonStreamWriter.h */ = {isa = PBXFileReference; fileEncoding = 4; lastKnownFileType = sourcecode.c.h; path = SBJsonStreamWriter.h; sourceTree = "<group>"; };
		A133F9E6158FB27F002F151A /* SBJsonStreamWriter.m */ = {isa = PBXFileReference; fileEncoding = 4; lastKnownFileType = sourcecode.c.objc; path = SBJsonStreamWriter.m; sourceTree = "<group>"; };
		A133F9E7158FB27F002F151A /* SBJsonStreamWriterAccumulator.h */ = {isa = PBXFileReference; fileEncoding = 4; lastKnownFileType = sourcecode.c.h; path = SBJsonStreamWriterAccumulator.h; sourceTree = "<group>"; };
		A133F9E8158FB27F002F151A /* SBJsonStreamWriterAccumulator.m */ = {isa = PBXFileReference; fileEncoding = 4; lastKnownFileType = sourcecode.c.objc; path = SBJsonStreamWriterAccumulator.m; sourceTree = "<group>"; };
		A133F9E9158FB27F002F151A /* SBJsonStreamWriterState.h */ = {isa = PBXFileReference; fileEncoding = 4; lastKnownFileType = sourcecode.c.h; path = SBJsonStreamWriterState.h; sourceTree = "<group>"; };
		A133F9EA158FB27F002F151A /* SBJsonStreamWriterState.m */ = {isa = PBXFileReference; fileEncoding = 4; lastKnownFileType = sourcecode.c.objc; path = SBJsonStreamWriterState.m; sourceTree = "<group>"; };
		A133F9EB158FB27F002F151A /* SBJsonTokeniser.h */ = {isa = PBXFileReference; fileEncoding = 4; lastKnownFileType = sourcecode.c.h; path = SBJsonTokeniser.h; sourceTree = "<group>"; };
		A133F9EC158FB27F002F151A /* SBJsonTokeniser.m */ = {isa = PBXFileReference; fileEncoding = 4; lastKnownFileType = sourcecode.c.objc; path = SBJsonTokeniser.m; sourceTree = "<group>"; };
		A133F9ED158FB27F002F151A /* SBJsonUTF8Stream.h */ = {isa = PBXFileReference; fileEncoding = 4; lastKnownFileType = sourcecode.c.h; path = SBJsonUTF8Stream.h; sourceTree = "<group>"; };
		A133F9EE158FB27F002F151A /* SBJsonUTF8Stream.m */ = {isa = PBXFileReference; fileEncoding = 4; lastKnownFileType = sourcecode.c.objc; path = SBJsonUTF8Stream.m; sourceTree = "<group>"; };
		A133F9EF158FB27F002F151A /* SBJsonWriter.h */ = {isa = PBXFileReference; fileEncoding = 4; lastKnownFileType = sourcecode.c.h; path = SBJsonWriter.h; sourceTree = "<group>"; };
		A133F9F0158FB27F002F151A /* SBJsonWriter.m */ = {isa = PBXFileReference; fileEncoding = 4; lastKnownFileType = sourcecode.c.objc; path = SBJsonWriter.m; sourceTree = "<group>"; };
		A14B6A721595500500155D0D /* ChooseGoalNameViewController.h */ = {isa = PBXFileReference; fileEncoding = 4; lastKnownFileType = sourcecode.c.h; path = ChooseGoalNameViewController.h; sourceTree = "<group>"; };
		A14B6A731595500500155D0D /* ChooseGoalNameViewController.m */ = {isa = PBXFileReference; fileEncoding = 4; lastKnownFileType = sourcecode.c.objc; path = ChooseGoalNameViewController.m; sourceTree = "<group>"; };
		A1993CBC158FFE0A00011568 /* Icon.png */ = {isa = PBXFileReference; lastKnownFileType = image.png; name = Icon.png; path = ../Icon.png; sourceTree = "<group>"; };
		A1993CBE158FFEDC00011568 /* Icon-Retina.png */ = {isa = PBXFileReference; lastKnownFileType = image.png; name = "Icon-Retina.png"; path = "../Icon-Retina.png"; sourceTree = "<group>"; };
		A1993CC0159007B700011568 /* SettingsViewController.h */ = {isa = PBXFileReference; fileEncoding = 4; lastKnownFileType = sourcecode.c.h; path = SettingsViewController.h; sourceTree = "<group>"; };
		A1993CC1159007B700011568 /* SettingsViewController.m */ = {isa = PBXFileReference; fileEncoding = 4; lastKnownFileType = sourcecode.c.objc; path = SettingsViewController.m; sourceTree = "<group>"; };
		A19D7BE11596DC3B0031ABED /* CoreData.framework */ = {isa = PBXFileReference; lastKnownFileType = wrapper.framework; name = CoreData.framework; path = System/Library/Frameworks/CoreData.framework; sourceTree = SDKROOT; };
		A19D7BE41596DC840031ABED /* Beeminder.xcdatamodel */ = {isa = PBXFileReference; lastKnownFileType = wrapper.xcdatamodel; path = Beeminder.xcdatamodel; sourceTree = "<group>"; };
		A1B5F8AF159280F6004D9FF0 /* RoadDialViewController.h */ = {isa = PBXFileReference; fileEncoding = 4; lastKnownFileType = sourcecode.c.h; path = RoadDialViewController.h; sourceTree = "<group>"; };
		A1B5F8B0159280F6004D9FF0 /* RoadDialViewController.m */ = {isa = PBXFileReference; fileEncoding = 4; lastKnownFileType = sourcecode.c.objc; path = RoadDialViewController.m; sourceTree = "<group>"; };
		A1B5F8B61592843F004D9FF0 /* ChooseGoalTypeTableViewController.h */ = {isa = PBXFileReference; fileEncoding = 4; lastKnownFileType = sourcecode.c.h; path = ChooseGoalTypeTableViewController.h; sourceTree = "<group>"; };
		A1B5F8B71592843F004D9FF0 /* ChooseGoalTypeTableViewController.m */ = {isa = PBXFileReference; fileEncoding = 4; lastKnownFileType = sourcecode.c.objc; path = ChooseGoalTypeTableViewController.m; sourceTree = "<group>"; };
		A1CA214A15935A0B00AE16FB /* CorePlot-CocoaTouch.xcodeproj */ = {isa = PBXFileReference; lastKnownFileType = "wrapper.pb-project"; name = "CorePlot-CocoaTouch.xcodeproj"; path = "../../core-plot/framework/CorePlot-CocoaTouch.xcodeproj"; sourceTree = "<group>"; };
		A1CA215915935AE200AE16FB /* QuartzCore.framework */ = {isa = PBXFileReference; lastKnownFileType = wrapper.framework; name = QuartzCore.framework; path = System/Library/Frameworks/QuartzCore.framework; sourceTree = SDKROOT; };
		A1F03D4C158E9A850075D5DA /* Beeminder.app */ = {isa = PBXFileReference; explicitFileType = wrapper.application; includeInIndex = 0; path = Beeminder.app; sourceTree = BUILT_PRODUCTS_DIR; };
		A1F03D50158E9A850075D5DA /* UIKit.framework */ = {isa = PBXFileReference; lastKnownFileType = wrapper.framework; name = UIKit.framework; path = System/Library/Frameworks/UIKit.framework; sourceTree = SDKROOT; };
		A1F03D52158E9A850075D5DA /* Foundation.framework */ = {isa = PBXFileReference; lastKnownFileType = wrapper.framework; name = Foundation.framework; path = System/Library/Frameworks/Foundation.framework; sourceTree = SDKROOT; };
		A1F03D54158E9A850075D5DA /* CoreGraphics.framework */ = {isa = PBXFileReference; lastKnownFileType = wrapper.framework; name = CoreGraphics.framework; path = System/Library/Frameworks/CoreGraphics.framework; sourceTree = SDKROOT; };
		A1F03D58158E9A850075D5DA /* Beeminder-Info.plist */ = {isa = PBXFileReference; lastKnownFileType = text.plist.xml; path = "Beeminder-Info.plist"; sourceTree = "<group>"; };
		A1F03D5A158E9A850075D5DA /* en */ = {isa = PBXFileReference; lastKnownFileType = text.plist.strings; name = en; path = en.lproj/InfoPlist.strings; sourceTree = "<group>"; };
		A1F03D5C158E9A850075D5DA /* main.m */ = {isa = PBXFileReference; lastKnownFileType = sourcecode.c.objc; path = main.m; sourceTree = "<group>"; };
		A1F03D5E158E9A850075D5DA /* Beeminder-Prefix.pch */ = {isa = PBXFileReference; lastKnownFileType = sourcecode.c.h; path = "Beeminder-Prefix.pch"; sourceTree = "<group>"; };
		A1F03D5F158E9A850075D5DA /* BeeminderAppDelegate.h */ = {isa = PBXFileReference; lastKnownFileType = sourcecode.c.h; path = BeeminderAppDelegate.h; sourceTree = "<group>"; };
		A1F03D60158E9A850075D5DA /* BeeminderAppDelegate.m */ = {isa = PBXFileReference; lastKnownFileType = sourcecode.c.objc; path = BeeminderAppDelegate.m; sourceTree = "<group>"; };
		A1F03D63158E9A850075D5DA /* en */ = {isa = PBXFileReference; lastKnownFileType = file.storyboard; name = en; path = en.lproj/MainStoryboard_iPhone.storyboard; sourceTree = "<group>"; };
		A1F03D66158E9A850075D5DA /* en */ = {isa = PBXFileReference; lastKnownFileType = file.storyboard; name = en; path = en.lproj/MainStoryboard_iPad.storyboard; sourceTree = "<group>"; };
		A1F03D68158E9A850075D5DA /* BeeminderViewController.h */ = {isa = PBXFileReference; lastKnownFileType = sourcecode.c.h; path = BeeminderViewController.h; sourceTree = "<group>"; };
		A1F03D69158E9A850075D5DA /* BeeminderViewController.m */ = {isa = PBXFileReference; lastKnownFileType = sourcecode.c.objc; path = BeeminderViewController.m; sourceTree = "<group>"; };
		A1F03D70158E9BE60075D5DA /* SplashViewController.h */ = {isa = PBXFileReference; fileEncoding = 4; lastKnownFileType = sourcecode.c.h; path = SplashViewController.h; sourceTree = "<group>"; };
		A1F03D71158E9BE60075D5DA /* SplashViewController.m */ = {isa = PBXFileReference; fileEncoding = 4; lastKnownFileType = sourcecode.c.objc; path = SplashViewController.m; sourceTree = "<group>"; };
		A1F03D76158EA2690075D5DA /* SignInViewController.h */ = {isa = PBXFileReference; fileEncoding = 4; lastKnownFileType = sourcecode.c.h; path = SignInViewController.h; sourceTree = "<group>"; };
		A1F03D77158EA2690075D5DA /* SignInViewController.m */ = {isa = PBXFileReference; fileEncoding = 4; lastKnownFileType = sourcecode.c.objc; path = SignInViewController.m; sourceTree = "<group>"; };
/* End PBXFileReference section */

/* Begin PBXFrameworksBuildPhase section */
		A1F03D49158E9A850075D5DA /* Frameworks */ = {
			isa = PBXFrameworksBuildPhase;
			buildActionMask = 2147483647;
			files = (
				A19D7BE21596DC3B0031ABED /* CoreData.framework in Frameworks */,
				A1CA215A15935AE200AE16FB /* QuartzCore.framework in Frameworks */,
				A1F03D51158E9A850075D5DA /* UIKit.framework in Frameworks */,
				A1F03D53158E9A850075D5DA /* Foundation.framework in Frameworks */,
				A1CA215815935A4700AE16FB /* libCorePlot-CocoaTouch.a in Frameworks */,
				A1F03D55158E9A850075D5DA /* CoreGraphics.framework in Frameworks */,
			);
			runOnlyForDeploymentPostprocessing = 0;
		};
/* End PBXFrameworksBuildPhase section */

/* Begin PBXGroup section */
		A133F9FD158FB40E002F151A /* SBJson */ = {
			isa = PBXGroup;
			children = (
				A133F9D8158FB27F002F151A /* NSObject+SBJson.h */,
				A133F9D9158FB27F002F151A /* NSObject+SBJson.m */,
				A133F9DA158FB27F002F151A /* SBJson.h */,
				A133F9DB158FB27F002F151A /* SBJsonParser.h */,
				A133F9DC158FB27F002F151A /* SBJsonParser.m */,
				A133F9DD158FB27F002F151A /* SBJsonStreamParser.h */,
				A133F9DE158FB27F002F151A /* SBJsonStreamParser.m */,
				A133F9DF158FB27F002F151A /* SBJsonStreamParserAccumulator.h */,
				A133F9E0158FB27F002F151A /* SBJsonStreamParserAccumulator.m */,
				A133F9E1158FB27F002F151A /* SBJsonStreamParserAdapter.h */,
				A133F9E2158FB27F002F151A /* SBJsonStreamParserAdapter.m */,
				A133F9E3158FB27F002F151A /* SBJsonStreamParserState.h */,
				A133F9E4158FB27F002F151A /* SBJsonStreamParserState.m */,
				A133F9E5158FB27F002F151A /* SBJsonStreamWriter.h */,
				A133F9E6158FB27F002F151A /* SBJsonStreamWriter.m */,
				A133F9E7158FB27F002F151A /* SBJsonStreamWriterAccumulator.h */,
				A133F9E8158FB27F002F151A /* SBJsonStreamWriterAccumulator.m */,
				A133F9E9158FB27F002F151A /* SBJsonStreamWriterState.h */,
				A133F9EA158FB27F002F151A /* SBJsonStreamWriterState.m */,
				A133F9EB158FB27F002F151A /* SBJsonTokeniser.h */,
				A133F9EC158FB27F002F151A /* SBJsonTokeniser.m */,
				A133F9ED158FB27F002F151A /* SBJsonUTF8Stream.h */,
				A133F9EE158FB27F002F151A /* SBJsonUTF8Stream.m */,
				A133F9EF158FB27F002F151A /* SBJsonWriter.h */,
				A133F9F0158FB27F002F151A /* SBJsonWriter.m */,
			);
			name = SBJson;
			path = Beeminder;
			sourceTree = "<group>";
		};
		A1CA214B15935A0B00AE16FB /* Products */ = {
			isa = PBXGroup;
			children = (
				A1CA215415935A0B00AE16FB /* libCorePlot-CocoaTouch.a */,
			);
			name = Products;
			sourceTree = "<group>";
		};
		A1CA215B15935B0800AE16FB /* Resources */ = {
			isa = PBXGroup;
			children = (
				A1993CBE158FFEDC00011568 /* Icon-Retina.png */,
				A1993CBC158FFE0A00011568 /* Icon.png */,
				A12E48F0159195480014624E /* bee.png */,
				A12E48ED1591953B0014624E /* logo-text.png */,
			);
			name = Resources;
			sourceTree = "<group>";
		};
		A1F03D41158E9A850075D5DA = {
			isa = PBXGroup;
			children = (
				A1F03D56158E9A850075D5DA /* Beeminder */,
				A1F03D4F158E9A850075D5DA /* Frameworks */,
				A1F03D4D158E9A850075D5DA /* Products */,
			);
			sourceTree = "<group>";
		};
		A1F03D4D158E9A850075D5DA /* Products */ = {
			isa = PBXGroup;
			children = (
				A1F03D4C158E9A850075D5DA /* Beeminder.app */,
			);
			name = Products;
			sourceTree = "<group>";
		};
		A1F03D4F158E9A850075D5DA /* Frameworks */ = {
			isa = PBXGroup;
			children = (
				A19D7BE11596DC3B0031ABED /* CoreData.framework */,
				A1CA214A15935A0B00AE16FB /* CorePlot-CocoaTouch.xcodeproj */,
				A1CA215915935AE200AE16FB /* QuartzCore.framework */,
				A133F9FD158FB40E002F151A /* SBJson */,
				A1F03D50158E9A850075D5DA /* UIKit.framework */,
				A1F03D52158E9A850075D5DA /* Foundation.framework */,
				A1F03D54158E9A850075D5DA /* CoreGraphics.framework */,
			);
			name = Frameworks;
			sourceTree = "<group>";
		};
		A1F03D56158E9A850075D5DA /* Beeminder */ = {
			isa = PBXGroup;
			children = (
				A19D7BE31596DC840031ABED /* Beeminder.xcdatamodeld */,
				A1F03D5F158E9A850075D5DA /* BeeminderAppDelegate.h */,
				A1F03D60158E9A850075D5DA /* BeeminderAppDelegate.m */,
				A1F03D62158E9A850075D5DA /* MainStoryboard_iPhone.storyboard */,
				A1F03D65158E9A850075D5DA /* MainStoryboard_iPad.storyboard */,
				A1F03D68158E9A850075D5DA /* BeeminderViewController.h */,
				A1F03D69158E9A850075D5DA /* BeeminderViewController.m */,
				A1F03D57158E9A850075D5DA /* Supporting Files */,
				A1F03D70158E9BE60075D5DA /* SplashViewController.h */,
				A1F03D71158E9BE60075D5DA /* SplashViewController.m */,
				A1F03D76158EA2690075D5DA /* SignInViewController.h */,
				A1F03D77158EA2690075D5DA /* SignInViewController.m */,
				A133F97D158FA32D002F151A /* GoalsTableViewController.h */,
				A133F97E158FA32D002F151A /* GoalsTableViewController.m */,
				A1993CC0159007B700011568 /* SettingsViewController.h */,
				A1993CC1159007B700011568 /* SettingsViewController.m */,
				A12E48F2159197400014624E /* GoalViewController.h */,
				A12E48F3159197400014624E /* GoalViewController.m */,
				A1B5F8AF159280F6004D9FF0 /* RoadDialViewController.h */,
				A1B5F8B0159280F6004D9FF0 /* RoadDialViewController.m */,
				A1B5F8B61592843F004D9FF0 /* ChooseGoalTypeTableViewController.h */,
				A1B5F8B71592843F004D9FF0 /* ChooseGoalTypeTableViewController.m */,
				A126C9301592EE1700FE8CF8 /* constants.h */,
				A14B6A721595500500155D0D /* ChooseGoalNameViewController.h */,
				A14B6A731595500500155D0D /* ChooseGoalNameViewController.m */,
			);
			path = Beeminder;
			sourceTree = "<group>";
		};
		A1F03D57158E9A850075D5DA /* Supporting Files */ = {
			isa = PBXGroup;
			children = (
				A1CA215B15935B0800AE16FB /* Resources */,
				A1F03D58158E9A850075D5DA /* Beeminder-Info.plist */,
				A1F03D59158E9A850075D5DA /* InfoPlist.strings */,
				A1F03D5C158E9A850075D5DA /* main.m */,
				A1F03D5E158E9A850075D5DA /* Beeminder-Prefix.pch */,
			);
			name = "Supporting Files";
			sourceTree = "<group>";
		};
/* End PBXGroup section */

/* Begin PBXNativeTarget section */
		A1F03D4B158E9A850075D5DA /* Beeminder */ = {
			isa = PBXNativeTarget;
			buildConfigurationList = A1F03D6D158E9A850075D5DA /* Build configuration list for PBXNativeTarget "Beeminder" */;
			buildPhases = (
				A1F03D48158E9A850075D5DA /* Sources */,
				A1F03D49158E9A850075D5DA /* Frameworks */,
				A1F03D4A158E9A850075D5DA /* Resources */,
			);
			buildRules = (
			);
			dependencies = (
				A1CA215715935A2900AE16FB /* PBXTargetDependency */,
			);
			name = Beeminder;
			productName = Beeminder;
			productReference = A1F03D4C158E9A850075D5DA /* Beeminder.app */;
			productType = "com.apple.product-type.application";
		};
/* End PBXNativeTarget section */

/* Begin PBXProject section */
		A1F03D43158E9A850075D5DA /* Project object */ = {
			isa = PBXProject;
			attributes = {
				CLASSPREFIX = Beeminder;
				LastUpgradeCheck = 0430;
				ORGANIZATIONNAME = "Andy Brett";
			};
			buildConfigurationList = A1F03D46158E9A850075D5DA /* Build configuration list for PBXProject "Beeminder" */;
			compatibilityVersion = "Xcode 3.2";
			developmentRegion = English;
			hasScannedForEncodings = 0;
			knownRegions = (
				en,
			);
			mainGroup = A1F03D41158E9A850075D5DA;
			productRefGroup = A1F03D4D158E9A850075D5DA /* Products */;
			projectDirPath = "";
			projectReferences = (
				{
					ProductGroup = A1CA214B15935A0B00AE16FB /* Products */;
					ProjectRef = A1CA214A15935A0B00AE16FB /* CorePlot-CocoaTouch.xcodeproj */;
				},
			);
			projectRoot = "";
			targets = (
				A1F03D4B158E9A850075D5DA /* Beeminder */,
			);
		};
/* End PBXProject section */

/* Begin PBXReferenceProxy section */
		A1CA215415935A0B00AE16FB /* libCorePlot-CocoaTouch.a */ = {
			isa = PBXReferenceProxy;
			fileType = archive.ar;
			path = "libCorePlot-CocoaTouch.a";
			remoteRef = A1CA215315935A0B00AE16FB /* PBXContainerItemProxy */;
			sourceTree = BUILT_PRODUCTS_DIR;
		};
/* End PBXReferenceProxy section */

/* Begin PBXResourcesBuildPhase section */
		A1F03D4A158E9A850075D5DA /* Resources */ = {
			isa = PBXResourcesBuildPhase;
			buildActionMask = 2147483647;
			files = (
				A1F03D5B158E9A850075D5DA /* InfoPlist.strings in Resources */,
				A1F03D64158E9A850075D5DA /* MainStoryboard_iPhone.storyboard in Resources */,
				A1F03D67158E9A850075D5DA /* MainStoryboard_iPad.storyboard in Resources */,
				A1993CBD158FFE0A00011568 /* Icon.png in Resources */,
				A1993CBF158FFEDC00011568 /* Icon-Retina.png in Resources */,
				A12E48EE1591953B0014624E /* logo-text.png in Resources */,
				A12E48F1159195480014624E /* bee.png in Resources */,
			);
			runOnlyForDeploymentPostprocessing = 0;
		};
/* End PBXResourcesBuildPhase section */

/* Begin PBXSourcesBuildPhase section */
		A1F03D48158E9A850075D5DA /* Sources */ = {
			isa = PBXSourcesBuildPhase;
			buildActionMask = 2147483647;
			files = (
				A1F03D5D158E9A850075D5DA /* main.m in Sources */,
				A1F03D61158E9A850075D5DA /* BeeminderAppDelegate.m in Sources */,
				A1F03D6A158E9A850075D5DA /* BeeminderViewController.m in Sources */,
				A1F03D72158E9BE60075D5DA /* SplashViewController.m in Sources */,
				A1F03D78158EA2690075D5DA /* SignInViewController.m in Sources */,
				A133F97F158FA32D002F151A /* GoalsTableViewController.m in Sources */,
				A133F9F1158FB27F002F151A /* NSObject+SBJson.m in Sources */,
				A133F9F2158FB27F002F151A /* SBJsonParser.m in Sources */,
				A133F9F3158FB27F002F151A /* SBJsonStreamParser.m in Sources */,
				A133F9F4158FB27F002F151A /* SBJsonStreamParserAccumulator.m in Sources */,
				A133F9F5158FB27F002F151A /* SBJsonStreamParserAdapter.m in Sources */,
				A133F9F6158FB27F002F151A /* SBJsonStreamParserState.m in Sources */,
				A133F9F7158FB27F002F151A /* SBJsonStreamWriter.m in Sources */,
				A133F9F8158FB27F002F151A /* SBJsonStreamWriterAccumulator.m in Sources */,
				A133F9F9158FB27F002F151A /* SBJsonStreamWriterState.m in Sources */,
				A133F9FA158FB27F002F151A /* SBJsonTokeniser.m in Sources */,
				A133F9FB158FB27F002F151A /* SBJsonUTF8Stream.m in Sources */,
				A133F9FC158FB27F002F151A /* SBJsonWriter.m in Sources */,
				A1993CC2159007B700011568 /* SettingsViewController.m in Sources */,
				A12E48F4159197400014624E /* GoalViewController.m in Sources */,
				A1B5F8B1159280F6004D9FF0 /* RoadDialViewController.m in Sources */,
				A1B5F8B81592843F004D9FF0 /* ChooseGoalTypeTableViewController.m in Sources */,
				A14B6A741595500500155D0D /* ChooseGoalNameViewController.m in Sources */,
				A19D7BE51596DC840031ABED /* Beeminder.xcdatamodeld in Sources */,
			);
			runOnlyForDeploymentPostprocessing = 0;
		};
/* End PBXSourcesBuildPhase section */

/* Begin PBXTargetDependency section */
		A1CA215715935A2900AE16FB /* PBXTargetDependency */ = {
			isa = PBXTargetDependency;
			name = "CorePlot-CocoaTouch";
			targetProxy = A1CA215615935A2900AE16FB /* PBXContainerItemProxy */;
		};
/* End PBXTargetDependency section */

/* Begin PBXVariantGroup section */
		A1F03D59158E9A850075D5DA /* InfoPlist.strings */ = {
			isa = PBXVariantGroup;
			children = (
				A1F03D5A158E9A850075D5DA /* en */,
			);
			name = InfoPlist.strings;
			sourceTree = "<group>";
		};
		A1F03D62158E9A850075D5DA /* MainStoryboard_iPhone.storyboard */ = {
			isa = PBXVariantGroup;
			children = (
				A1F03D63158E9A850075D5DA /* en */,
			);
			name = MainStoryboard_iPhone.storyboard;
			sourceTree = "<group>";
		};
		A1F03D65158E9A850075D5DA /* MainStoryboard_iPad.storyboard */ = {
			isa = PBXVariantGroup;
			children = (
				A1F03D66158E9A850075D5DA /* en */,
			);
			name = MainStoryboard_iPad.storyboard;
			sourceTree = "<group>";
		};
/* End PBXVariantGroup section */

/* Begin XCBuildConfiguration section */
		A1F03D6B158E9A850075D5DA /* Debug */ = {
			isa = XCBuildConfiguration;
			buildSettings = {
				ALWAYS_SEARCH_USER_PATHS = NO;
				ARCHS = "$(ARCHS_STANDARD_32_BIT)";
				CLANG_ENABLE_OBJC_ARC = YES;
				"CODE_SIGN_IDENTITY[sdk=iphoneos*]" = "iPhone Developer";
				COPY_PHASE_STRIP = NO;
				GCC_C_LANGUAGE_STANDARD = gnu99;
				GCC_DYNAMIC_NO_PIC = NO;
				GCC_OPTIMIZATION_LEVEL = 0;
				GCC_PREPROCESSOR_DEFINITIONS = (
					"DEBUG=1",
					"$(inherited)",
				);
				GCC_SYMBOLS_PRIVATE_EXTERN = NO;
				GCC_VERSION = com.apple.compilers.llvm.clang.1_0;
				GCC_WARN_ABOUT_RETURN_TYPE = YES;
				GCC_WARN_UNINITIALIZED_AUTOS = YES;
				GCC_WARN_UNUSED_VARIABLE = YES;
				IPHONEOS_DEPLOYMENT_TARGET = 5.1;
				SDKROOT = iphoneos;
				TARGETED_DEVICE_FAMILY = "1,2";
			};
			name = Debug;
		};
		A1F03D6C158E9A850075D5DA /* Release */ = {
			isa = XCBuildConfiguration;
			buildSettings = {
				ALWAYS_SEARCH_USER_PATHS = NO;
				ARCHS = "$(ARCHS_STANDARD_32_BIT)";
				CLANG_ENABLE_OBJC_ARC = YES;
				"CODE_SIGN_IDENTITY[sdk=iphoneos*]" = "iPhone Developer";
				COPY_PHASE_STRIP = YES;
				GCC_C_LANGUAGE_STANDARD = gnu99;
				GCC_VERSION = com.apple.compilers.llvm.clang.1_0;
				GCC_WARN_ABOUT_RETURN_TYPE = YES;
				GCC_WARN_UNINITIALIZED_AUTOS = YES;
				GCC_WARN_UNUSED_VARIABLE = YES;
				IPHONEOS_DEPLOYMENT_TARGET = 5.1;
				OTHER_CFLAGS = "-DNS_BLOCK_ASSERTIONS=1";
				SDKROOT = iphoneos;
				TARGETED_DEVICE_FAMILY = "1,2";
				VALIDATE_PRODUCT = YES;
			};
			name = Release;
		};
		A1F03D6E158E9A850075D5DA /* Debug */ = {
			isa = XCBuildConfiguration;
			buildSettings = {
				ALWAYS_SEARCH_USER_PATHS = YES;
				GCC_PRECOMPILE_PREFIX_HEADER = YES;
				GCC_PREFIX_HEADER = "Beeminder/Beeminder-Prefix.pch";
				HEADER_SEARCH_PATHS = "$(SRCROOT)/../../core-plot/framework/**";
				INFOPLIST_FILE = "Beeminder/Beeminder-Info.plist";
				IPHONEOS_DEPLOYMENT_TARGET = 5.0;
				OTHER_LDFLAGS = (
					"-ObjC",
					"-all_load",
				);
				PRODUCT_NAME = "$(TARGET_NAME)";
				WRAPPER_EXTENSION = app;
			};
			name = Debug;
		};
		A1F03D6F158E9A850075D5DA /* Release */ = {
			isa = XCBuildConfiguration;
			buildSettings = {
				ALWAYS_SEARCH_USER_PATHS = YES;
				GCC_PRECOMPILE_PREFIX_HEADER = YES;
				GCC_PREFIX_HEADER = "Beeminder/Beeminder-Prefix.pch";
				HEADER_SEARCH_PATHS = "$(SRCROOT)/../../core-plot/framework/**";
				INFOPLIST_FILE = "Beeminder/Beeminder-Info.plist";
				IPHONEOS_DEPLOYMENT_TARGET = 5.0;
				OTHER_LDFLAGS = (
					"-ObjC",
					"-all_load",
				);
				PRODUCT_NAME = "$(TARGET_NAME)";
				WRAPPER_EXTENSION = app;
			};
			name = Release;
		};
/* End XCBuildConfiguration section */

/* Begin XCConfigurationList section */
		A1F03D46158E9A850075D5DA /* Build configuration list for PBXProject "Beeminder" */ = {
			isa = XCConfigurationList;
			buildConfigurations = (
				A1F03D6B158E9A850075D5DA /* Debug */,
				A1F03D6C158E9A850075D5DA /* Release */,
			);
			defaultConfigurationIsVisible = 0;
			defaultConfigurationName = Release;
		};
		A1F03D6D158E9A850075D5DA /* Build configuration list for PBXNativeTarget "Beeminder" */ = {
			isa = XCConfigurationList;
			buildConfigurations = (
				A1F03D6E158E9A850075D5DA /* Debug */,
				A1F03D6F158E9A850075D5DA /* Release */,
			);
			defaultConfigurationIsVisible = 0;
			defaultConfigurationName = Release;
		};
/* End XCConfigurationList section */

/* Begin XCVersionGroup section */
		A19D7BE31596DC840031ABED /* Beeminder.xcdatamodeld */ = {
			isa = XCVersionGroup;
			children = (
				A19D7BE41596DC840031ABED /* Beeminder.xcdatamodel */,
			);
			currentVersion = A19D7BE41596DC840031ABED /* Beeminder.xcdatamodel */;
			path = Beeminder.xcdatamodeld;
			sourceTree = SOURCE_ROOT;
			versionGroupType = wrapper.xcdatamodel;
		};
/* End XCVersionGroup section */
	};
	rootObject = A1F03D43158E9A850075D5DA /* Project object */;
}
